
Microsoft Visual Studio Solution File, Format Version 12.00
# Visual Studio 15
VisualStudioVersion = 15.0.27428.2015
MinimumVisualStudioVersion = 10.0.40219.1
Project("{9A19103F-16F7-4668-BE54-9A1E7A4F7556}") = "BlobStorageHelper", "BlobStorageHelper\BlobStorageHelper.csproj", "{3A4409BE-E16D-4861-B6BE-03D1679A98A4}"
EndProject
Project("{2150E333-8FDC-42A3-9474-1A3956D46DE8}") = "Sample", "Sample", "{EF0598F3-6343-417D-8E1E-5F9D2FD55B1A}"
	ProjectSection(SolutionItems) = preProject
		BlobStorageHelper\Platforms\iOS\BlobStorageHelperImplementation.cs = BlobStorageHelper\Platforms\iOS\BlobStorageHelperImplementation.cs
		BlobStorageHelper\Platforms\TVOS\BlobStorageHelperImplementation.cs = BlobStorageHelper\Platforms\TVOS\BlobStorageHelperImplementation.cs
	EndProjectSection
EndProject
Project("{FAE04EC0-301F-11D3-BF4B-00C04F79EFBC}") = "SampleApp.Android", "Sample\SampleApp\SampleApp.Android\SampleApp.Android.csproj", "{81608FE1-C467-410C-9E7A-C4B26DDBE5E4}"
EndProject
Project("{FAE04EC0-301F-11D3-BF4B-00C04F79EFBC}") = "SampleApp.iOS", "Sample\SampleApp\SampleApp.iOS\SampleApp.iOS.csproj", "{712A5D43-EBC2-42ED-91AA-EC771E8E2836}"
EndProject
Project("{FAE04EC0-301F-11D3-BF4B-00C04F79EFBC}") = "SampleApp", "Sample\SampleApp\SampleApp\SampleApp.csproj", "{1EA7F6DF-5319-484D-8A67-9A52B9211280}"
EndProject
Global
	GlobalSection(SolutionConfigurationPlatforms) = preSolution
		Ad-Hoc|Any CPU = Ad-Hoc|Any CPU
		Ad-Hoc|iPhone = Ad-Hoc|iPhone
		Ad-Hoc|iPhoneSimulator = Ad-Hoc|iPhoneSimulator
		AppStore|Any CPU = AppStore|Any CPU
		AppStore|iPhone = AppStore|iPhone
		AppStore|iPhoneSimulator = AppStore|iPhoneSimulator
		Debug|Any CPU = Debug|Any CPU
		Debug|iPhone = Debug|iPhone
		Debug|iPhoneSimulator = Debug|iPhoneSimulator
		Release|Any CPU = Release|Any CPU
		Release|iPhone = Release|iPhone
		Release|iPhoneSimulator = Release|iPhoneSimulator
	EndGlobalSection
	GlobalSection(ProjectConfigurationPlatforms) = postSolution
		{3A4409BE-E16D-4861-B6BE-03D1679A98A4}.Ad-Hoc|Any CPU.ActiveCfg = Release|Any CPU
		{3A4409BE-E16D-4861-B6BE-03D1679A98A4}.Ad-Hoc|Any CPU.Build.0 = Release|Any CPU
		{3A4409BE-E16D-4861-B6BE-03D1679A98A4}.Ad-Hoc|iPhone.ActiveCfg = Release|Any CPU
		{3A4409BE-E16D-4861-B6BE-03D1679A98A4}.Ad-Hoc|iPhone.Build.0 = Release|Any CPU
		{3A4409BE-E16D-4861-B6BE-03D1679A98A4}.Ad-Hoc|iPhoneSimulator.ActiveCfg = Release|Any CPU
		{3A4409BE-E16D-4861-B6BE-03D1679A98A4}.Ad-Hoc|iPhoneSimulator.Build.0 = Release|Any CPU
		{3A4409BE-E16D-4861-B6BE-03D1679A98A4}.AppStore|Any CPU.ActiveCfg = Release|Any CPU
		{3A4409BE-E16D-4861-B6BE-03D1679A98A4}.AppStore|Any CPU.Build.0 = Release|Any CPU
		{3A4409BE-E16D-4861-B6BE-03D1679A98A4}.AppStore|iPhone.ActiveCfg = Release|Any CPU
		{3A4409BE-E16D-4861-B6BE-03D1679A98A4}.AppStore|iPhone.Build.0 = Release|Any CPU
		{3A4409BE-E16D-4861-B6BE-03D1679A98A4}.AppStore|iPhoneSimulator.ActiveCfg = Release|Any CPU
		{3A4409BE-E16D-4861-B6BE-03D1679A98A4}.AppStore|iPhoneSimulator.Build.0 = Release|Any CPU
		{3A4409BE-E16D-4861-B6BE-03D1679A98A4}.Debug|Any CPU.ActiveCfg = Debug|Any CPU
		{3A4409BE-E16D-4861-B6BE-03D1679A98A4}.Debug|Any CPU.Build.0 = Debug|Any CPU
		{3A4409BE-E16D-4861-B6BE-03D1679A98A4}.Debug|iPhone.ActiveCfg = Debug|Any CPU
		{3A4409BE-E16D-4861-B6BE-03D1679A98A4}.Debug|iPhone.Build.0 = Debug|Any CPU
		{3A4409BE-E16D-4861-B6BE-03D1679A98A4}.Debug|iPhoneSimulator.ActiveCfg = Debug|Any CPU
		{3A4409BE-E16D-4861-B6BE-03D1679A98A4}.Debug|iPhoneSimulator.Build.0 = Debug|Any CPU
		{3A4409BE-E16D-4861-B6BE-03D1679A98A4}.Release|Any CPU.ActiveCfg = Release|Any CPU
		{3A4409BE-E16D-4861-B6BE-03D1679A98A4}.Release|Any CPU.Build.0 = Release|Any CPU
		{3A4409BE-E16D-4861-B6BE-03D1679A98A4}.Release|iPhone.ActiveCfg = Release|Any CPU
		{3A4409BE-E16D-4861-B6BE-03D1679A98A4}.Release|iPhone.Build.0 = Release|Any CPU
		{3A4409BE-E16D-4861-B6BE-03D1679A98A4}.Release|iPhoneSimulator.ActiveCfg = Release|Any CPU
		{3A4409BE-E16D-4861-B6BE-03D1679A98A4}.Release|iPhoneSimulator.Build.0 = Release|Any CPU
		{81608FE1-C467-410C-9E7A-C4B26DDBE5E4}.Ad-Hoc|Any CPU.ActiveCfg = Release|Any CPU
		{81608FE1-C467-410C-9E7A-C4B26DDBE5E4}.Ad-Hoc|Any CPU.Build.0 = Release|Any CPU
		{81608FE1-C467-410C-9E7A-C4B26DDBE5E4}.Ad-Hoc|Any CPU.Deploy.0 = Release|Any CPU
		{81608FE1-C467-410C-9E7A-C4B26DDBE5E4}.Ad-Hoc|iPhone.ActiveCfg = Release|Any CPU
		{81608FE1-C467-410C-9E7A-C4B26DDBE5E4}.Ad-Hoc|iPhone.Build.0 = Release|Any CPU
		{81608FE1-C467-410C-9E7A-C4B26DDBE5E4}.Ad-Hoc|iPhone.Deploy.0 = Release|Any CPU
		{81608FE1-C467-410C-9E7A-C4B26DDBE5E4}.Ad-Hoc|iPhoneSimulator.ActiveCfg = Release|Any CPU
		{81608FE1-C467-410C-9E7A-C4B26DDBE5E4}.Ad-Hoc|iPhoneSimulator.Build.0 = Release|Any CPU
		{81608FE1-C467-410C-9E7A-C4B26DDBE5E4}.Ad-Hoc|iPhoneSimulator.Deploy.0 = Release|Any CPU
		{81608FE1-C467-410C-9E7A-C4B26DDBE5E4}.AppStore|Any CPU.ActiveCfg = Release|Any CPU
		{81608FE1-C467-410C-9E7A-C4B26DDBE5E4}.AppStore|Any CPU.Build.0 = Release|Any CPU
		{81608FE1-C467-410C-9E7A-C4B26DDBE5E4}.AppStore|Any CPU.Deploy.0 = Release|Any CPU
		{81608FE1-C467-410C-9E7A-C4B26DDBE5E4}.AppStore|iPhone.ActiveCfg = Release|Any CPU
		{81608FE1-C467-410C-9E7A-C4B26DDBE5E4}.AppStore|iPhone.Build.0 = Release|Any CPU
		{81608FE1-C467-410C-9E7A-C4B26DDBE5E4}.AppStore|iPhone.Deploy.0 = Release|Any CPU
		{81608FE1-C467-410C-9E7A-C4B26DDBE5E4}.AppStore|iPhoneSimulator.ActiveCfg = Release|Any CPU
		{81608FE1-C467-410C-9E7A-C4B26DDBE5E4}.AppStore|iPhoneSimulator.Build.0 = Release|Any CPU
		{81608FE1-C467-410C-9E7A-C4B26DDBE5E4}.AppStore|iPhoneSimulator.Deploy.0 = Release|Any CPU
		{81608FE1-C467-410C-9E7A-C4B26DDBE5E4}.Debug|Any CPU.ActiveCfg = Debug|Any CPU
		{81608FE1-C467-410C-9E7A-C4B26DDBE5E4}.Debug|Any CPU.Build.0 = Debug|Any CPU
		{81608FE1-C467-410C-9E7A-C4B26DDBE5E4}.Debug|Any CPU.Deploy.0 = Debug|Any CPU
		{81608FE1-C467-410C-9E7A-C4B26DDBE5E4}.Debug|iPhone.ActiveCfg = Debug|Any CPU
		{81608FE1-C467-410C-9E7A-C4B26DDBE5E4}.Debug|iPhone.Build.0 = Debug|Any CPU
		{81608FE1-C467-410C-9E7A-C4B26DDBE5E4}.Debug|iPhone.Deploy.0 = Debug|Any CPU
		{81608FE1-C467-410C-9E7A-C4B26DDBE5E4}.Debug|iPhoneSimulator.ActiveCfg = Debug|Any CPU
		{81608FE1-C467-410C-9E7A-C4B26DDBE5E4}.Debug|iPhoneSimulator.Build.0 = Debug|Any CPU
		{81608FE1-C467-410C-9E7A-C4B26DDBE5E4}.Debug|iPhoneSimulator.Deploy.0 = Debug|Any CPU
		{81608FE1-C467-410C-9E7A-C4B26DDBE5E4}.Release|Any CPU.ActiveCfg = Release|Any CPU
		{81608FE1-C467-410C-9E7A-C4B26DDBE5E4}.Release|Any CPU.Build.0 = Release|Any CPU
		{81608FE1-C467-410C-9E7A-C4B26DDBE5E4}.Release|Any CPU.Deploy.0 = Release|Any CPU
		{81608FE1-C467-410C-9E7A-C4B26DDBE5E4}.Release|iPhone.ActiveCfg = Release|Any CPU
		{81608FE1-C467-410C-9E7A-C4B26DDBE5E4}.Release|iPhone.Build.0 = Release|Any CPU
		{81608FE1-C467-410C-9E7A-C4B26DDBE5E4}.Release|iPhone.Deploy.0 = Release|Any CPU
		{81608FE1-C467-410C-9E7A-C4B26DDBE5E4}.Release|iPhoneSimulator.ActiveCfg = Release|Any CPU
		{81608FE1-C467-410C-9E7A-C4B26DDBE5E4}.Release|iPhoneSimulator.Build.0 = Release|Any CPU
		{81608FE1-C467-410C-9E7A-C4B26DDBE5E4}.Release|iPhoneSimulator.Deploy.0 = Release|Any CPU
		{712A5D43-EBC2-42ED-91AA-EC771E8E2836}.Ad-Hoc|Any CPU.ActiveCfg = Ad-Hoc|iPhone
		{712A5D43-EBC2-42ED-91AA-EC771E8E2836}.Ad-Hoc|iPhone.ActiveCfg = Ad-Hoc|iPhone
		{712A5D43-EBC2-42ED-91AA-EC771E8E2836}.Ad-Hoc|iPhone.Build.0 = Ad-Hoc|iPhone
		{712A5D43-EBC2-42ED-91AA-EC771E8E2836}.Ad-Hoc|iPhoneSimulator.ActiveCfg = Ad-Hoc|iPhoneSimulator
		{712A5D43-EBC2-42ED-91AA-EC771E8E2836}.Ad-Hoc|iPhoneSimulator.Build.0 = Ad-Hoc|iPhoneSimulator
		{712A5D43-EBC2-42ED-91AA-EC771E8E2836}.AppStore|Any CPU.ActiveCfg = AppStore|iPhone
		{712A5D43-EBC2-42ED-91AA-EC771E8E2836}.AppStore|iPhone.ActiveCfg = AppStore|iPhone
		{712A5D43-EBC2-42ED-91AA-EC771E8E2836}.AppStore|iPhone.Build.0 = AppStore|iPhone
		{712A5D43-EBC2-42ED-91AA-EC771E8E2836}.AppStore|iPhoneSimulator.ActiveCfg = AppStore|iPhoneSimulator
		{712A5D43-EBC2-42ED-91AA-EC771E8E2836}.AppStore|iPhoneSimulator.Build.0 = AppStore|iPhoneSimulator
		{712A5D43-EBC2-42ED-91AA-EC771E8E2836}.Debug|Any CPU.ActiveCfg = Debug|iPhone
		{712A5D43-EBC2-42ED-91AA-EC771E8E2836}.Debug|iPhone.ActiveCfg = Debug|iPhone
		{712A5D43-EBC2-42ED-91AA-EC771E8E2836}.Debug|iPhone.Build.0 = Debug|iPhone
		{712A5D43-EBC2-42ED-91AA-EC771E8E2836}.Debug|iPhoneSimulator.ActiveCfg = Debug|iPhoneSimulator
		{712A5D43-EBC2-42ED-91AA-EC771E8E2836}.Debug|iPhoneSimulator.Build.0 = Debug|iPhoneSimulator
		{712A5D43-EBC2-42ED-91AA-EC771E8E2836}.Release|Any CPU.ActiveCfg = Release|iPhone
		{712A5D43-EBC2-42ED-91AA-EC771E8E2836}.Release|iPhone.ActiveCfg = Release|iPhone
		{712A5D43-EBC2-42ED-91AA-EC771E8E2836}.Release|iPhone.Build.0 = Release|iPhone
		{712A5D43-EBC2-42ED-91AA-EC771E8E2836}.Release|iPhoneSimulator.ActiveCfg = Release|iPhoneSimulator
		{712A5D43-EBC2-42ED-91AA-EC771E8E2836}.Release|iPhoneSimulator.Build.0 = Release|iPhoneSimulator
		{1EA7F6DF-5319-484D-8A67-9A52B9211280}.Ad-Hoc|Any CPU.ActiveCfg = Debug|Any CPU
		{1EA7F6DF-5319-484D-8A67-9A52B9211280}.Ad-Hoc|Any CPU.Build.0 = Debug|Any CPU
		{1EA7F6DF-5319-484D-8A67-9A52B9211280}.Ad-Hoc|iPhone.ActiveCfg = Debug|Any CPU
		{1EA7F6DF-5319-484D-8A67-9A52B9211280}.Ad-Hoc|iPhone.Build.0 = Debug|Any CPU
		{1EA7F6DF-5319-484D-8A67-9A52B9211280}.Ad-Hoc|iPhoneSimulator.ActiveCfg = Debug|Any CPU
		{1EA7F6DF-5319-484D-8A67-9A52B9211280}.Ad-Hoc|iPhoneSimulator.Build.0 = Debug|Any CPU
		{1EA7F6DF-5319-484D-8A67-9A52B9211280}.AppStore|Any CPU.ActiveCfg = Debug|Any CPU
		{1EA7F6DF-5319-484D-8A67-9A52B9211280}.AppStore|Any CPU.Build.0 = Debug|Any CPU
		{1EA7F6DF-5319-484D-8A67-9A52B9211280}.AppStore|iPhone.ActiveCfg = Debug|Any CPU
		{1EA7F6DF-5319-484D-8A67-9A52B9211280}.AppStore|iPhone.Build.0 = Debug|Any CPU
		{1EA7F6DF-5319-484D-8A67-9A52B9211280}.AppStore|iPhoneSimulator.ActiveCfg = Debug|Any CPU
		{1EA7F6DF-5319-484D-8A67-9A52B9211280}.AppStore|iPhoneSimulator.Build.0 = Debug|Any CPU
		{1EA7F6DF-5319-484D-8A67-9A52B9211280}.Debug|Any CPU.ActiveCfg = Debug|Any CPU
		{1EA7F6DF-5319-484D-8A67-9A52B9211280}.Debug|Any CPU.Build.0 = Debug|Any CPU
		{1EA7F6DF-5319-484D-8A67-9A52B9211280}.Debug|iPhone.ActiveCfg = Debug|Any CPU
		{1EA7F6DF-5319-484D-8A67-9A52B9211280}.Debug|iPhone.Build.0 = Debug|Any CPU
		{1EA7F6DF-5319-484D-8A67-9A52B9211280}.Debug|iPhoneSimulator.ActiveCfg = Debug|Any CPU
		{1EA7F6DF-5319-484D-8A67-9A52B9211280}.Debug|iPhoneSimulator.Build.0 = Debug|Any CPU
		{1EA7F6DF-5319-484D-8A67-9A52B9211280}.Release|Any CPU.ActiveCfg = Release|Any CPU
		{1EA7F6DF-5319-484D-8A67-9A52B9211280}.Release|Any CPU.Build.0 = Release|Any CPU
		{1EA7F6DF-5319-484D-8A67-9A52B9211280}.Release|iPhone.ActiveCfg = Release|Any CPU
		{1EA7F6DF-5319-484D-8A67-9A52B9211280}.Release|iPhone.Build.0 = Release|Any CPU
		{1EA7F6DF-5319-484D-8A67-9A52B9211280}.Release|iPhoneSimulator.ActiveCfg = Release|Any CPU
		{1EA7F6DF-5319-484D-8A67-9A52B9211280}.Release|iPhoneSimulator.Build.0 = Release|Any CPU
	EndGlobalSection
	GlobalSection(SolutionProperties) = preSolution
		HideSolutionNode = FALSE
	EndGlobalSection
	GlobalSection(NestedProjects) = preSolution
		{81608FE1-C467-410C-9E7A-C4B26DDBE5E4} = {EF0598F3-6343-417D-8E1E-5F9D2FD55B1A}
		{712A5D43-EBC2-42ED-91AA-EC771E8E2836} = {EF0598F3-6343-417D-8E1E-5F9D2FD55B1A}
		{1EA7F6DF-5319-484D-8A67-9A52B9211280} = {EF0598F3-6343-417D-8E1E-5F9D2FD55B1A}
	EndGlobalSection
	GlobalSection(ExtensibilityGlobals) = postSolution
		SolutionGuid = {C4F20DA7-C8A2-4135-BB6D-28E95D85B7BD}
	EndGlobalSection
EndGlobal
